
Microsoft Visual Studio Solution File, Format Version 12.00
# Visual Studio Version 17
VisualStudioVersion = 17.5.33502.453
MinimumVisualStudioVersion = 10.0.40219.1
Project("{FAE04EC0-301F-11D3-BF4B-00C04F79EFBC}") = "bai2_1", "bai2_1.csproj", "{3737FB19-D25A-489A-924F-CFD9B35E4E13}"
EndProject
Project("{FAE04EC0-301F-11D3-BF4B-00C04F79EFBC}") = "bai2_2", "..\bai2_2\bai2_2.csproj", "{BD4A5195-E5DA-4EE0-BB11-ECE341FE0B4C}"
EndProject
Project("{FAE04EC0-301F-11D3-BF4B-00C04F79EFBC}") = "bai2_3", "..\bai2_3\bai2_3.csproj", "{536A0246-A9CC-4C8D-9B49-313C8AF3BEE7}"
EndProject
Project("{FAE04EC0-301F-11D3-BF4B-00C04F79EFBC}") = "bai2_4", "..\bai2_4\bai2_4.csproj", "{9F7416CD-E59B-4ACE-8F34-E272172F2B8E}"
EndProject
Project("{FAE04EC0-301F-11D3-BF4B-00C04F79EFBC}") = "bai2_5", "..\bai2_5\bai2_5.csproj", "{1B98A8BA-2709-4C11-85EA-6552F0507EF4}"
EndProject
Project("{FAE04EC0-301F-11D3-BF4B-00C04F79EFBC}") = "bai2_6", "..\bai2_6\bai2_6.csproj", "{C536D975-F485-4D1B-A4F9-D4B8419B26AB}"
EndProject
Global
	GlobalSection(SolutionConfigurationPlatforms) = preSolution
		Debug|Any CPU = Debug|Any CPU
		Release|Any CPU = Release|Any CPU
	EndGlobalSection
	GlobalSection(ProjectConfigurationPlatforms) = postSolution
		{3737FB19-D25A-489A-924F-CFD9B35E4E13}.Debug|Any CPU.ActiveCfg = Debug|Any CPU
		{3737FB19-D25A-489A-924F-CFD9B35E4E13}.Debug|Any CPU.Build.0 = Debug|Any CPU
		{3737FB19-D25A-489A-924F-CFD9B35E4E13}.Release|Any CPU.ActiveCfg = Release|Any CPU
		{3737FB19-D25A-489A-924F-CFD9B35E4E13}.Release|Any CPU.Build.0 = Release|Any CPU
		{BD4A5195-E5DA-4EE0-BB11-ECE341FE0B4C}.Debug|Any CPU.ActiveCfg = Debug|Any CPU
		{BD4A5195-E5DA-4EE0-BB11-ECE341FE0B4C}.Debug|Any CPU.Build.0 = Debug|Any CPU
		{BD4A5195-E5DA-4EE0-BB11-ECE341FE0B4C}.Release|Any CPU.ActiveCfg = Release|Any CPU
		{BD4A5195-E5DA-4EE0-BB11-ECE341FE0B4C}.Release|Any CPU.Build.0 = Release|Any CPU
		{536A0246-A9CC-4C8D-9B49-313C8AF3BEE7}.Debug|Any CPU.ActiveCfg = Debug|Any CPU
		{536A0246-A9CC-4C8D-9B49-313C8AF3BEE7}.Debug|Any CPU.Build.0 = Debug|Any CPU
		{536A0246-A9CC-4C8D-9B49-313C8AF3BEE7}.Release|Any CPU.ActiveCfg = Release|Any CPU
		{536A0246-A9CC-4C8D-9B49-313C8AF3BEE7}.Release|Any CPU.Build.0 = Release|Any CPU
		{9F7416CD-E59B-4ACE-8F34-E272172F2B8E}.Debug|Any CPU.ActiveCfg = Debug|Any CPU
		{9F7416CD-E59B-4ACE-8F34-E272172F2B8E}.Debug|Any CPU.Build.0 = Debug|Any CPU
		{9F7416CD-E59B-4ACE-8F34-E272172F2B8E}.Release|Any CPU.ActiveCfg = Release|Any CPU
		{9F7416CD-E59B-4ACE-8F34-E272172F2B8E}.Release|Any CPU.Build.0 = Release|Any CPU
		{1B98A8BA-2709-4C11-85EA-6552F0507EF4}.Debug|Any CPU.ActiveCfg = Debug|Any CPU
		{1B98A8BA-2709-4C11-85EA-6552F0507EF4}.Debug|Any CPU.Build.0 = Debug|Any CPU
		{1B98A8BA-2709-4C11-85EA-6552F0507EF4}.Release|Any CPU.ActiveCfg = Release|Any CPU
		{1B98A8BA-2709-4C11-85EA-6552F0507EF4}.Release|Any CPU.Build.0 = Release|Any CPU
		{C536D975-F485-4D1B-A4F9-D4B8419B26AB}.Debug|Any CPU.ActiveCfg = Debug|Any CPU
		{C536D975-F485-4D1B-A4F9-D4B8419B26AB}.Debug|Any CPU.Build.0 = Debug|Any CPU
		{C536D975-F485-4D1B-A4F9-D4B8419B26AB}.Release|Any CPU.ActiveCfg = Release|Any CPU
		{C536D975-F485-4D1B-A4F9-D4B8419B26AB}.Release|Any CPU.Build.0 = Release|Any CPU
	EndGlobalSection
	GlobalSection(SolutionProperties) = preSolution
		HideSolutionNode = FALSE
	EndGlobalSection
	GlobalSection(ExtensibilityGlobals) = postSolution
		SolutionGuid = {D2C5D6E7-BBA3-42F9-815E-DFEC6D22D3A5}
	EndGlobalSection
EndGlobal
